
Microsoft Visual Studio Solution File, Format Version 12.00
# Visual Studio Version 17
VisualStudioVersion = 17.6.33801.468
MinimumVisualStudioVersion = 10.0.40219.1
Project("{9A19103F-16F7-4668-BE54-9A1E7A4F7556}") = "ECommerece.Web", "ECommerece.Web\ECommerece.Web.csproj", "{39E6F3D4-7CAF-4C43-A205-1F80647BE1C4}"
EndProject
Project("{9A19103F-16F7-4668-BE54-9A1E7A4F7556}") = "ECommerce.Models", "ECommerce.Models\ECommerce.Models.csproj", "{82CE8586-5F68-42FA-914B-B80757D90585}"
EndProject
Project("{9A19103F-16F7-4668-BE54-9A1E7A4F7556}") = "ECommerce.DataAccess", "ECommerce.Repositories\ECommerce.DataAccess.csproj", "{9F2A1A2E-C6EE-4DBE-8509-375A06FA1FEC}"
EndProject
Global
	GlobalSection(SolutionConfigurationPlatforms) = preSolution
		Debug|Any CPU = Debug|Any CPU
		Release|Any CPU = Release|Any CPU
	EndGlobalSection
	GlobalSection(ProjectConfigurationPlatforms) = postSolution
		{39E6F3D4-7CAF-4C43-A205-1F80647BE1C4}.Debug|Any CPU.ActiveCfg = Debug|Any CPU
		{39E6F3D4-7CAF-4C43-A205-1F80647BE1C4}.Debug|Any CPU.Build.0 = Debug|Any CPU
		{39E6F3D4-7CAF-4C43-A205-1F80647BE1C4}.Release|Any CPU.ActiveCfg = Release|Any CPU
		{39E6F3D4-7CAF-4C43-A205-1F80647BE1C4}.Release|Any CPU.Build.0 = Release|Any CPU
		{82CE8586-5F68-42FA-914B-B80757D90585}.Debug|Any CPU.ActiveCfg = Debug|Any CPU
		{82CE8586-5F68-42FA-914B-B80757D90585}.Debug|Any CPU.Build.0 = Debug|Any CPU
		{82CE8586-5F68-42FA-914B-B80757D90585}.Release|Any CPU.ActiveCfg = Release|Any CPU
		{82CE8586-5F68-42FA-914B-B80757D90585}.Release|Any CPU.Build.0 = Release|Any CPU
		{9F2A1A2E-C6EE-4DBE-8509-375A06FA1FEC}.Debug|Any CPU.ActiveCfg = Debug|Any CPU
		{9F2A1A2E-C6EE-4DBE-8509-375A06FA1FEC}.Debug|Any CPU.Build.0 = Debug|Any CPU
		{9F2A1A2E-C6EE-4DBE-8509-375A06FA1FEC}.Release|Any CPU.ActiveCfg = Release|Any CPU
		{9F2A1A2E-C6EE-4DBE-8509-375A06FA1FEC}.Release|Any CPU.Build.0 = Release|Any CPU
	EndGlobalSection
	GlobalSection(SolutionProperties) = preSolution
		HideSolutionNode = FALSE
	EndGlobalSection
	GlobalSection(ExtensibilityGlobals) = postSolution
		SolutionGuid = {CF234272-680C-44D0-B3D5-2C88EC4C678D}
	EndGlobalSection
EndGlobal
